
Microsoft Visual Studio Solution File, Format Version 12.00
# Visual Studio Version 17
VisualStudioVersion = 17.8.34525.116
MinimumVisualStudioVersion = 10.0.40219.1
Project("{FAE04EC0-301F-11D3-BF4B-00C04F79EFBC}") = "Demo_Project", "Demo_Project\Demo_Project.csproj", "{CA4F54B9-2502-46D7-8023-BBEA9350A5F9}"
EndProject
Project("{54A90642-561A-4BB1-A94E-469ADEE60C69}") = "Demo_Project.NgClient", "Demo_Project.NgClient\Demo_Project.NgClient.esproj", "{702B8B03-C494-44BD-97FB-EE6C9B9143FC}"
EndProject
Global
	GlobalSection(SolutionConfigurationPlatforms) = preSolution
		Debug|Any CPU = Debug|Any CPU
		Release|Any CPU = Release|Any CPU
	EndGlobalSection
	GlobalSection(ProjectConfigurationPlatforms) = postSolution
		{CA4F54B9-2502-46D7-8023-BBEA9350A5F9}.Debug|Any CPU.ActiveCfg = Debug|Any CPU
		{CA4F54B9-2502-46D7-8023-BBEA9350A5F9}.Debug|Any CPU.Build.0 = Debug|Any CPU
		{CA4F54B9-2502-46D7-8023-BBEA9350A5F9}.Release|Any CPU.ActiveCfg = Release|Any CPU
		{CA4F54B9-2502-46D7-8023-BBEA9350A5F9}.Release|Any CPU.Build.0 = Release|Any CPU
		{702B8B03-C494-44BD-97FB-EE6C9B9143FC}.Debug|Any CPU.ActiveCfg = Debug|Any CPU
		{702B8B03-C494-44BD-97FB-EE6C9B9143FC}.Debug|Any CPU.Build.0 = Debug|Any CPU
		{702B8B03-C494-44BD-97FB-EE6C9B9143FC}.Debug|Any CPU.Deploy.0 = Debug|Any CPU
		{702B8B03-C494-44BD-97FB-EE6C9B9143FC}.Release|Any CPU.ActiveCfg = Release|Any CPU
		{702B8B03-C494-44BD-97FB-EE6C9B9143FC}.Release|Any CPU.Build.0 = Release|Any CPU
		{702B8B03-C494-44BD-97FB-EE6C9B9143FC}.Release|Any CPU.Deploy.0 = Release|Any CPU
	EndGlobalSection
	GlobalSection(SolutionProperties) = preSolution
		HideSolutionNode = FALSE
	EndGlobalSection
	GlobalSection(ExtensibilityGlobals) = postSolution
		SolutionGuid = {64019F49-72D8-4617-A00F-3EF3453601F0}
	EndGlobalSection
EndGlobal
